
Microsoft Visual Studio Solution File, Format Version 12.00
# Visual Studio Version 17
VisualStudioVersion = 17.7.34202.233
MinimumVisualStudioVersion = 10.0.40219.1
Project("{FAE04EC0-301F-11D3-BF4B-00C04F79EFBC}") = "ArtStore.UI.MVC", "ArtStore.UI.MVC\ArtStore.UI.MVC.csproj", "{B94BD518-C3B8-4AE7-ACEB-37E6FD1BB0EE}"
EndProject
Project("{FAE04EC0-301F-11D3-BF4B-00C04F79EFBC}") = "ArtStore.DATA.EF", "ArtStore.DATA.EF\ArtStore.DATA.EF.csproj", "{C4732CDB-2513-4DCB-ADA9-A841BEBF5D32}"
EndProject
Global
	GlobalSection(SolutionConfigurationPlatforms) = preSolution
		Debug|Any CPU = Debug|Any CPU
		Release|Any CPU = Release|Any CPU
	EndGlobalSection
	GlobalSection(ProjectConfigurationPlatforms) = postSolution
		{B94BD518-C3B8-4AE7-ACEB-37E6FD1BB0EE}.Debug|Any CPU.ActiveCfg = Debug|Any CPU
		{B94BD518-C3B8-4AE7-ACEB-37E6FD1BB0EE}.Debug|Any CPU.Build.0 = Debug|Any CPU
		{B94BD518-C3B8-4AE7-ACEB-37E6FD1BB0EE}.Release|Any CPU.ActiveCfg = Release|Any CPU
		{B94BD518-C3B8-4AE7-ACEB-37E6FD1BB0EE}.Release|Any CPU.Build.0 = Release|Any CPU
		{C4732CDB-2513-4DCB-ADA9-A841BEBF5D32}.Debug|Any CPU.ActiveCfg = Debug|Any CPU
		{C4732CDB-2513-4DCB-ADA9-A841BEBF5D32}.Debug|Any CPU.Build.0 = Debug|Any CPU
		{C4732CDB-2513-4DCB-ADA9-A841BEBF5D32}.Release|Any CPU.ActiveCfg = Release|Any CPU
		{C4732CDB-2513-4DCB-ADA9-A841BEBF5D32}.Release|Any CPU.Build.0 = Release|Any CPU
	EndGlobalSection
	GlobalSection(SolutionProperties) = preSolution
		HideSolutionNode = FALSE
	EndGlobalSection
	GlobalSection(ExtensibilityGlobals) = postSolution
		SolutionGuid = {222607D8-964D-438E-81DC-80274E30FEC8}
	EndGlobalSection
EndGlobal
